
Microsoft Visual Studio Solution File, Format Version 12.00
# Visual Studio Version 17
VisualStudioVersion = 17.0.31903.59
MinimumVisualStudioVersion = 10.0.40219.1
Project("{FAE04EC0-301F-11D3-BF4B-00C04F79EFBC}") = "KlaseiObjekti12", "KlaseiObjekti12.csproj", "{FFDD21D0-66C2-41DB-9722-C472F1877BBF}"
EndProject
Global
	GlobalSection(SolutionConfigurationPlatforms) = preSolution
		Debug|Any CPU = Debug|Any CPU
		Release|Any CPU = Release|Any CPU
	EndGlobalSection
	GlobalSection(ProjectConfigurationPlatforms) = postSolution
		{FFDD21D0-66C2-41DB-9722-C472F1877BBF}.Debug|Any CPU.ActiveCfg = Debug|Any CPU
		{FFDD21D0-66C2-41DB-9722-C472F1877BBF}.Debug|Any CPU.Build.0 = Debug|Any CPU
		{FFDD21D0-66C2-41DB-9722-C472F1877BBF}.Release|Any CPU.ActiveCfg = Release|Any CPU
		{FFDD21D0-66C2-41DB-9722-C472F1877BBF}.Release|Any CPU.Build.0 = Release|Any CPU
	EndGlobalSection
	GlobalSection(SolutionProperties) = preSolution
		HideSolutionNode = FALSE
	EndGlobalSection
	GlobalSection(ExtensibilityGlobals) = postSolution
		SolutionGuid = {0C0C7C17-8BD3-49C1-ADEF-150F1B6A4104}
	EndGlobalSection
EndGlobal
